
Microsoft Visual Studio Solution File, Format Version 11.00
# Visual Studio 2010
Project("{FAE04EC0-301F-11D3-BF4B-00C04F79EFBC}") = "Assembly-CSharp", "Assembly-CSharp.csproj", "{531be7d1-51b4-48ee-fbed-be845cdab07a}"
EndProject
Project("{FAE04EC0-301F-11D3-BF4B-00C04F79EFBC}") = "Unity.2DPlatformer.Tutorials", "Unity.2DPlatformer.Tutorials.csproj", "{ddd9e770-39ba-d965-bf7a-829a02aaa9d6}"
EndProject
Project("{FAE04EC0-301F-11D3-BF4B-00C04F79EFBC}") = "Assembly-CSharp-Editor", "Assembly-CSharp-Editor.csproj", "{e6ce1c49-8871-e1ed-0d56-62244a2fad2f}"
EndProject
Global
	GlobalSection(SolutionConfigurationPlatforms) = preSolution
		Debug|Any CPU = Debug|Any CPU
	EndGlobalSection
	GlobalSection(ProjectConfigurationPlatforms) = postSolution
		{531be7d1-51b4-48ee-fbed-be845cdab07a}.Debug|Any CPU.ActiveCfg = Debug|Any CPU
		{531be7d1-51b4-48ee-fbed-be845cdab07a}.Debug|Any CPU.Build.0 = Debug|Any CPU
		{ddd9e770-39ba-d965-bf7a-829a02aaa9d6}.Debug|Any CPU.ActiveCfg = Debug|Any CPU
		{ddd9e770-39ba-d965-bf7a-829a02aaa9d6}.Debug|Any CPU.Build.0 = Debug|Any CPU
		{e6ce1c49-8871-e1ed-0d56-62244a2fad2f}.Debug|Any CPU.ActiveCfg = Debug|Any CPU
		{e6ce1c49-8871-e1ed-0d56-62244a2fad2f}.Debug|Any CPU.Build.0 = Debug|Any CPU
	EndGlobalSection
	GlobalSection(SolutionProperties) = preSolution
		HideSolutionNode = FALSE
	EndGlobalSection
EndGlobal
